{
  "name": "lambda-environment",
  "version": "1.0.0",
  "lockfileVersion": 1,
  "requires": true,
  "dependencies": {
    "env-var": {
      "version": "6.2.0",
      "resolved": "https://registry.npmjs.org/env-var/-/env-var-6.2.0.tgz",
      "integrity": "sha512-7rMqkl7NRfUhhcIgDYCYBhk7RyAY8LB/D0HSLlAkF3y0OvZCTpJfLsqMDZ1isNacwju/wC65qPjC7fk2JHjbDA=="
    }
  }
}
